
Microsoft Visual Studio Solution File, Format Version 12.00
# Visual Studio Version 17
VisualStudioVersion = 17.11.35208.52
MinimumVisualStudioVersion = 10.0.40219.1
Project("{FAE04EC0-301F-11D3-BF4B-00C04F79EFBC}") = "ProjectBiblioteca", "ProjectBiblioteca.csproj", "{1455F2EF-9DF5-4EC2-9052-D2DE13C6E0AE}"
EndProject
Global
	GlobalSection(SolutionConfigurationPlatforms) = preSolution
		Debug|Any CPU = Debug|Any CPU
		Release|Any CPU = Release|Any CPU
	EndGlobalSection
	GlobalSection(ProjectConfigurationPlatforms) = postSolution
		{1455F2EF-9DF5-4EC2-9052-D2DE13C6E0AE}.Debug|Any CPU.ActiveCfg = Debug|Any CPU
		{1455F2EF-9DF5-4EC2-9052-D2DE13C6E0AE}.Debug|Any CPU.Build.0 = Debug|Any CPU
		{1455F2EF-9DF5-4EC2-9052-D2DE13C6E0AE}.Release|Any CPU.ActiveCfg = Release|Any CPU
		{1455F2EF-9DF5-4EC2-9052-D2DE13C6E0AE}.Release|Any CPU.Build.0 = Release|Any CPU
	EndGlobalSection
	GlobalSection(SolutionProperties) = preSolution
		HideSolutionNode = FALSE
	EndGlobalSection
	GlobalSection(ExtensibilityGlobals) = postSolution
		SolutionGuid = {EA137724-F4EB-4CC6-96E1-5BB57E54080F}
	EndGlobalSection
EndGlobal
