
Microsoft Visual Studio Solution File, Format Version 12.00
# Visual Studio Version 17
VisualStudioVersion = 17.11.35208.52
MinimumVisualStudioVersion = 10.0.40219.1
Project("{9A19103F-16F7-4668-BE54-9A1E7A4F7556}") = "ProjectBiblioteca", "Src\ProjectBiblioteca.csproj", "{1455F2EF-9DF5-4EC2-9052-D2DE13C6E0AE}"
EndProject
Project("{FAE04EC0-301F-11D3-BF4B-00C04F79EFBC}") = "TestsXUnit", "TestsXUnit\TestsXUnit.csproj", "{30F38A53-B539-4ED0-B281-65FA4D5AC5D2}"
EndProject
Global
	GlobalSection(SolutionConfigurationPlatforms) = preSolution
		Debug|Any CPU = Debug|Any CPU
		Release|Any CPU = Release|Any CPU
	EndGlobalSection
	GlobalSection(ProjectConfigurationPlatforms) = postSolution
		{1455F2EF-9DF5-4EC2-9052-D2DE13C6E0AE}.Debug|Any CPU.ActiveCfg = Debug|Any CPU
		{1455F2EF-9DF5-4EC2-9052-D2DE13C6E0AE}.Debug|Any CPU.Build.0 = Debug|Any CPU
		{1455F2EF-9DF5-4EC2-9052-D2DE13C6E0AE}.Release|Any CPU.ActiveCfg = Release|Any CPU
		{1455F2EF-9DF5-4EC2-9052-D2DE13C6E0AE}.Release|Any CPU.Build.0 = Release|Any CPU
		{30F38A53-B539-4ED0-B281-65FA4D5AC5D2}.Debug|Any CPU.ActiveCfg = Debug|Any CPU
		{30F38A53-B539-4ED0-B281-65FA4D5AC5D2}.Debug|Any CPU.Build.0 = Debug|Any CPU
		{30F38A53-B539-4ED0-B281-65FA4D5AC5D2}.Release|Any CPU.ActiveCfg = Release|Any CPU
		{30F38A53-B539-4ED0-B281-65FA4D5AC5D2}.Release|Any CPU.Build.0 = Release|Any CPU
	EndGlobalSection
	GlobalSection(SolutionProperties) = preSolution
		HideSolutionNode = FALSE
	EndGlobalSection
	GlobalSection(ExtensibilityGlobals) = postSolution
		SolutionGuid = {EA137724-F4EB-4CC6-96E1-5BB57E54080F}
	EndGlobalSection
EndGlobal
